
Microsoft Visual Studio Solution File, Format Version 12.00
Project("{2150E333-8FDC-42A3-9474-1A3956D46DE8}") = "src", "src", "{83FD3290-3E96-498C-975B-D13790486AFD}"
EndProject
Project("{2150E333-8FDC-42A3-9474-1A3956D46DE8}") = "tests", "tests", "{A9BC309B-BD93-4273-9157-7C9777BF3BFC}"
EndProject
Project("{FAE04EC0-301F-11D3-BF4B-00C04F79EFBC}") = "Evernet.API", "src\Evernet.API\Evernet.API.csproj", "{C66D9E6C-BA05-4599-BB02-12C2FBB95977}"
EndProject
Project("{FAE04EC0-301F-11D3-BF4B-00C04F79EFBC}") = "Evernet.Domain", "src\Evernet.Domain\Evernet.Domain.csproj", "{572DC545-568B-4600-9AAB-DAF0427EE7D5}"
EndProject
Project("{FAE04EC0-301F-11D3-BF4B-00C04F79EFBC}") = "Evernet.Application", "src\Evernet.Application\Evernet.Application.csproj", "{C7D8E55C-AB04-4649-8284-BE504D9E148D}"
EndProject
Global
	GlobalSection(SolutionConfigurationPlatforms) = preSolution
		Debug|Any CPU = Debug|Any CPU
		Release|Any CPU = Release|Any CPU
	EndGlobalSection
	GlobalSection(NestedProjects) = preSolution
		{C66D9E6C-BA05-4599-BB02-12C2FBB95977} = {83FD3290-3E96-498C-975B-D13790486AFD}
		{572DC545-568B-4600-9AAB-DAF0427EE7D5} = {83FD3290-3E96-498C-975B-D13790486AFD}
		{C7D8E55C-AB04-4649-8284-BE504D9E148D} = {83FD3290-3E96-498C-975B-D13790486AFD}
	EndGlobalSection
	GlobalSection(ProjectConfigurationPlatforms) = postSolution
		{C66D9E6C-BA05-4599-BB02-12C2FBB95977}.Debug|Any CPU.ActiveCfg = Debug|Any CPU
		{C66D9E6C-BA05-4599-BB02-12C2FBB95977}.Debug|Any CPU.Build.0 = Debug|Any CPU
		{C66D9E6C-BA05-4599-BB02-12C2FBB95977}.Release|Any CPU.ActiveCfg = Release|Any CPU
		{C66D9E6C-BA05-4599-BB02-12C2FBB95977}.Release|Any CPU.Build.0 = Release|Any CPU
		{572DC545-568B-4600-9AAB-DAF0427EE7D5}.Debug|Any CPU.ActiveCfg = Debug|Any CPU
		{572DC545-568B-4600-9AAB-DAF0427EE7D5}.Debug|Any CPU.Build.0 = Debug|Any CPU
		{572DC545-568B-4600-9AAB-DAF0427EE7D5}.Release|Any CPU.ActiveCfg = Release|Any CPU
		{572DC545-568B-4600-9AAB-DAF0427EE7D5}.Release|Any CPU.Build.0 = Release|Any CPU
		{C7D8E55C-AB04-4649-8284-BE504D9E148D}.Debug|Any CPU.ActiveCfg = Debug|Any CPU
		{C7D8E55C-AB04-4649-8284-BE504D9E148D}.Debug|Any CPU.Build.0 = Debug|Any CPU
		{C7D8E55C-AB04-4649-8284-BE504D9E148D}.Release|Any CPU.ActiveCfg = Release|Any CPU
		{C7D8E55C-AB04-4649-8284-BE504D9E148D}.Release|Any CPU.Build.0 = Release|Any CPU
	EndGlobalSection
EndGlobal
